// !$*UTF8*$!
{
	archiveVersion = 1;
	classes = {
	};
	objectVersion = 46;
	objects = {

/* Begin PBXBuildFile section */
		8CD2D6011DE1D2C700883D60 /* main.m in Sources */ = {isa = PBXBuildFile; fileRef = 8CD2D6001DE1D2C700883D60 /* main.m */; };
		8CD2D6041DE1D2C700883D60 /* AppDelegate.m in Sources */ = {isa = PBXBuildFile; fileRef = 8CD2D6031DE1D2C700883D60 /* AppDelegate.m */; };
		8CD2D6071DE1D2C700883D60 /* ViewController.m in Sources */ = {isa = PBXBuildFile; fileRef = 8CD2D6061DE1D2C700883D60 /* ViewController.m */; };
		8CD2D60A1DE1D2C700883D60 /* Main.storyboard in Resources */ = {isa = PBXBuildFile; fileRef = 8CD2D6081DE1D2C700883D60 /* Main.storyboard */; };
		8CD2D60C1DE1D2C700883D60 /* Assets.xcassets in Resources */ = {isa = PBXBuildFile; fileRef = 8CD2D60B1DE1D2C700883D60 /* Assets.xcassets */; };
		8CD2D60F1DE1D2C700883D60 /* LaunchScreen.storyboard in Resources */ = {isa = PBXBuildFile; fileRef = 8CD2D60D1DE1D2C700883D60 /* LaunchScreen.storyboard */; };
		8CD2D61A1DE1D2C700883D60 /* CreateUIVCByXIBTests.m in Sources */ = {isa = PBXBuildFile; fileRef = 8CD2D6191DE1D2C700883D60 /* CreateUIVCByXIBTests.m */; };
		8CD2D6251DE1D2C700883D60 /* CreateUIVCByXIBUITests.m in Sources */ = {isa = PBXBuildFile; fileRef = 8CD2D6241DE1D2C700883D60 /* CreateUIVCByXIBUITests.m */; };
		8CD2D63D1DE1D5B300883D60 /* XibViewController.m in Sources */ = {isa = PBXBuildFile; fileRef = 8CD2D63B1DE1D5B300883D60 /* XibViewController.m */; };
		8CD2D63E1DE1D5B300883D60 /* XibViewController.xib in Resources */ = {isa = PBXBuildFile; fileRef = 8CD2D63C1DE1D5B300883D60 /* XibViewController.xib */; };
/* End PBXBuildFile section */

/* Begin PBXContainerItemProxy section */
		8CD2D6161DE1D2C700883D60 /* PBXContainerItemProxy */ = {
			isa = PBXContainerItemProxy;
			containerPortal = 8CD2D5F41DE1D2C700883D60 /* Project object */;
			proxyType = 1;
			remoteGlobalIDString = 8CD2D5FB1DE1D2C700883D60;
			remoteInfo = CreateUIVCByXIB;
		};
		8CD2D6211DE1D2C700883D60 /* PBXContainerItemProxy */ = {
			isa = PBXContainerItemProxy;
			containerPortal = 8CD2D5F41DE1D2C700883D60 /* Project object */;
			proxyType = 1;
			remoteGlobalIDString = 8CD2D5FB1DE1D2C700883D60;
			remoteInfo = CreateUIVCByXIB;
		};
/* End PBXContainerItemProxy section */

/* Begin PBXFileReference section */
		8CD2D5FC1DE1D2C700883D60 /* CreateUIVCByXIB.app */ = {isa = PBXFileReference; explicitFileType = wrapper.application; includeInIndex = 0; path = CreateUIVCByXIB.app; sourceTree = BUILT_PRODUCTS_DIR; };
		8CD2D6001DE1D2C700883D60 /* main.m */ = {isa = PBXFileReference; lastKnownFileType = sourcecode.c.objc; path = main.m; sourceTree = "<group>"; };
		8CD2D6021DE1D2C700883D60 /* AppDelegate.h */ = {isa = PBXFileReference; lastKnownFileType = sourcecode.c.h; path = AppDelegate.h; sourceTree = "<group>"; };
		8CD2D6031DE1D2C700883D60 /* AppDelegate.m */ = {isa = PBXFileReference; lastKnownFileType = sourcecode.c.objc; path = AppDelegate.m; sourceTree = "<group>"; };
		8CD2D6051DE1D2C700883D60 /* ViewController.h */ = {isa = PBXFileReference; lastKnownFileType = sourcecode.c.h; path = ViewController.h; sourceTree = "<group>"; };
		8CD2D6061DE1D2C700883D60 /* ViewController.m */ = {isa = PBXFileReference; lastKnownFileType = sourcecode.c.objc; path = ViewController.m; sourceTree = "<group>"; };
		8CD2D6091DE1D2C700883D60 /* Base */ = {isa = PBXFileReference; lastKnownFileType = file.storyboard; name = Base; path = Base.lproj/Main.storyboard; sourceTree = "<group>"; };
		8CD2D60B1DE1D2C700883D60 /* Assets.xcassets */ = {isa = PBXFileReference; lastKnownFileType = folder.assetcatalog; path = Assets.xcassets; sourceTree = "<group>"; };
		8CD2D60E1DE1D2C700883D60 /* Base */ = {isa = PBXFileReference; lastKnownFileType = file.storyboard; name = Base; path = Base.lproj/LaunchScreen.storyboard; sourceTree = "<group>"; };
		8CD2D6101DE1D2C700883D60 /* Info.plist */ = {isa = PBXFileReference; lastKnownFileType = text.plist.xml; path = Info.plist; sourceTree = "<group>"; };
		8CD2D6151DE1D2C700883D60 /* CreateUIVCByXIBTests.xctest */ = {isa = PBXFileReference; explicitFileType = wrapper.cfbundle; includeInIndex = 0; path = CreateUIVCByXIBTests.xctest; sourceTree = BUILT_PRODUCTS_DIR; };
		8CD2D6191DE1D2C700883D60 /* CreateUIVCByXIBTests.m */ = {isa = PBXFileReference; lastKnownFileType = sourcecode.c.objc; path = CreateUIVCByXIBTests.m; sourceTree = "<group>"; };
		8CD2D61B1DE1D2C700883D60 /* Info.plist */ = {isa = PBXFileReference; lastKnownFileType = text.plist.xml; path = Info.plist; sourceTree = "<group>"; };
		8CD2D6201DE1D2C700883D60 /* CreateUIVCByXIBUITests.xctest */ = {isa = PBXFileReference; explicitFileType = wrapper.cfbundle; includeInIndex = 0; path = CreateUIVCByXIBUITests.xctest; sourceTree = BUILT_PRODUCTS_DIR; };
		8CD2D6241DE1D2C700883D60 /* CreateUIVCByXIBUITests.m */ = {isa = PBXFileReference; lastKnownFileType = sourcecode.c.objc; path = CreateUIVCByXIBUITests.m; sourceTree = "<group>"; };
		8CD2D6261DE1D2C700883D60 /* Info.plist */ = {isa = PBXFileReference; lastKnownFileType = text.plist.xml; path = Info.plist; sourceTree = "<group>"; };
		8CD2D63A1DE1D5B300883D60 /* XibViewController.h */ = {isa = PBXFileReference; fileEncoding = 4; lastKnownFileType = sourcecode.c.h; name = XibViewController.h; path = ../XibViewController.h; sourceTree = "<group>"; };
		8CD2D63B1DE1D5B300883D60 /* XibViewController.m */ = {isa = PBXFileReference; fileEncoding = 4; lastKnownFileType = sourcecode.c.objc; name = XibViewController.m; path = ../XibViewController.m; sourceTree = "<group>"; };
		8CD2D63C1DE1D5B300883D60 /* XibViewController.xib */ = {isa = PBXFileReference; fileEncoding = 4; lastKnownFileType = file.xib; name = XibViewController.xib; path = ../XibViewController.xib; sourceTree = "<group>"; };
/* End PBXFileReference section */

/* Begin PBXFrameworksBuildPhase section */
		8CD2D5F91DE1D2C700883D60 /* Frameworks */ = {
			isa = PBXFrameworksBuildPhase;
			buildActionMask = 2147483647;
			files = (
			);
			runOnlyForDeploymentPostprocessing = 0;
		};
		8CD2D6121DE1D2C700883D60 /* Frameworks */ = {
			isa = PBXFrameworksBuildPhase;
			buildActionMask = 2147483647;
			files = (
			);
			runOnlyForDeploymentPostprocessing = 0;
		};
		8CD2D61D1DE1D2C700883D60 /* Frameworks */ = {
			isa = PBXFrameworksBuildPhase;
			buildActionMask = 2147483647;
			files = (
			);
			runOnlyForDeploymentPostprocessing = 0;
		};
/* End PBXFrameworksBuildPhase section */

/* Begin PBXGroup section */
		8CD2D5F31DE1D2C700883D60 = {
			isa = PBXGroup;
			children = (
				8CD2D5FE1DE1D2C700883D60 /* CreateUIVCByXIB */,
				8CD2D6181DE1D2C700883D60 /* CreateUIVCByXIBTests */,
				8CD2D6231DE1D2C700883D60 /* CreateUIVCByXIBUITests */,
				8CD2D5FD1DE1D2C700883D60 /* Products */,
			);
			sourceTree = "<group>";
		};
		8CD2D5FD1DE1D2C700883D60 /* Products */ = {
			isa = PBXGroup;
			children = (
				8CD2D5FC1DE1D2C700883D60 /* CreateUIVCByXIB.app */,
				8CD2D6151DE1D2C700883D60 /* CreateUIVCByXIBTests.xctest */,
				8CD2D6201DE1D2C700883D60 /* CreateUIVCByXIBUITests.xctest */,
			);
			name = Products;
			sourceTree = "<group>";
		};
		8CD2D5FE1DE1D2C700883D60 /* CreateUIVCByXIB */ = {
			isa = PBXGroup;
			children = (
				8CD2D63A1DE1D5B300883D60 /* XibViewController.h */,
				8CD2D63B1DE1D5B300883D60 /* XibViewController.m */,
				8CD2D63C1DE1D5B300883D60 /* XibViewController.xib */,
				8CD2D6021DE1D2C700883D60 /* AppDelegate.h */,
				8CD2D6031DE1D2C700883D60 /* AppDelegate.m */,
				8CD2D6051DE1D2C700883D60 /* ViewController.h */,
				8CD2D6061DE1D2C700883D60 /* ViewController.m */,
				8CD2D6081DE1D2C700883D60 /* Main.storyboard */,
				8CD2D60B1DE1D2C700883D60 /* Assets.xcassets */,
				8CD2D60D1DE1D2C700883D60 /* LaunchScreen.storyboard */,
				8CD2D6101DE1D2C700883D60 /* Info.plist */,
				8CD2D5FF1DE1D2C700883D60 /* Supporting Files */,
			);
			path = CreateUIVCByXIB;
			sourceTree = "<group>";
		};
		8CD2D5FF1DE1D2C700883D60 /* Supporting Files */ = {
			isa = PBXGroup;
			children = (
				8CD2D6001DE1D2C700883D60 /* main.m */,
			);
			name = "Supporting Files";
			sourceTree = "<group>";
		};
		8CD2D6181DE1D2C700883D60 /* CreateUIVCByXIBTests */ = {
			isa = PBXGroup;
			children = (
				8CD2D6191DE1D2C700883D60 /* CreateUIVCByXIBTests.m */,
				8CD2D61B1DE1D2C700883D60 /* Info.plist */,
			);
			path = CreateUIVCByXIBTests;
			sourceTree = "<group>";
		};
		8CD2D6231DE1D2C700883D60 /* CreateUIVCByXIBUITests */ = {
			isa = PBXGroup;
			children = (
				8CD2D6241DE1D2C700883D60 /* CreateUIVCByXIBUITests.m */,
				8CD2D6261DE1D2C700883D60 /* Info.plist */,
			);
			path = CreateUIVCByXIBUITests;
			sourceTree = "<group>";
		};
/* End PBXGroup section */

/* Begin PBXNativeTarget section */
		8CD2D5FB1DE1D2C700883D60 /* CreateUIVCByXIB */ = {
			isa = PBXNativeTarget;
			buildConfigurationList = 8CD2D6291DE1D2C700883D60 /* Build configuration list for PBXNativeTarget "CreateUIVCByXIB" */;
			buildPhases = (
				8CD2D5F81DE1D2C700883D60 /* Sources */,
				8CD2D5F91DE1D2C700883D60 /* Frameworks */,
				8CD2D5FA1DE1D2C700883D60 /* Resources */,
			);
			buildRules = (
			);
			dependencies = (
			);
			name = CreateUIVCByXIB;
			productName = CreateUIVCByXIB;
			productReference = 8CD2D5FC1DE1D2C700883D60 /* CreateUIVCByXIB.app */;
			productType = "com.apple.product-type.application";
		};
		8CD2D6141DE1D2C700883D60 /* CreateUIVCByXIBTests */ = {
			isa = PBXNativeTarget;
			buildConfigurationList = 8CD2D62C1DE1D2C700883D60 /* Build configuration list for PBXNativeTarget "CreateUIVCByXIBTests" */;
			buildPhases = (
				8CD2D6111DE1D2C700883D60 /* Sources */,
				8CD2D6121DE1D2C700883D60 /* Frameworks */,
				8CD2D6131DE1D2C700883D60 /* Resources */,
			);
			buildRules = (
			);
			dependencies = (
				8CD2D6171DE1D2C700883D60 /* PBXTargetDependency */,
			);
			name = CreateUIVCByXIBTests;
			productName = CreateUIVCByXIBTests;
			productReference = 8CD2D6151DE1D2C700883D60 /* CreateUIVCByXIBTests.xctest */;
			productType = "com.apple.product-type.bundle.unit-test";
		};
		8CD2D61F1DE1D2C700883D60 /* CreateUIVCByXIBUITests */ = {
			isa = PBXNativeTarget;
			buildConfigurationList = 8CD2D62F1DE1D2C700883D60 /* Build configuration list for PBXNativeTarget "CreateUIVCByXIBUITests" */;
			buildPhases = (
				8CD2D61C1DE1D2C700883D60 /* Sources */,
				8CD2D61D1DE1D2C700883D60 /* Frameworks */,
				8CD2D61E1DE1D2C700883D60 /* Resources */,
			);
			buildRules = (
			);
			dependencies = (
				8CD2D6221DE1D2C700883D60 /* PBXTargetDependency */,
			);
			name = CreateUIVCByXIBUITests;
			productName = CreateUIVCByXIBUITests;
			productReference = 8CD2D6201DE1D2C700883D60 /* CreateUIVCByXIBUITests.xctest */;
			productType = "com.apple.product-type.bundle.ui-testing";
		};
/* End PBXNativeTarget section */

/* Begin PBXProject section */
		8CD2D5F41DE1D2C700883D60 /* Project object */ = {
			isa = PBXProject;
			attributes = {
				LastUpgradeCheck = 0800;
				ORGANIZATIONNAME = "yang ming";
				TargetAttributes = {
					8CD2D5FB1DE1D2C700883D60 = {
						CreatedOnToolsVersion = 8.0;
						DevelopmentTeam = VCBJ7R8EST;
						ProvisioningStyle = Automatic;
					};
					8CD2D6141DE1D2C700883D60 = {
						CreatedOnToolsVersion = 8.0;
						DevelopmentTeam = VCBJ7R8EST;
						ProvisioningStyle = Automatic;
						TestTargetID = 8CD2D5FB1DE1D2C700883D60;
					};
					8CD2D61F1DE1D2C700883D60 = {
						CreatedOnToolsVersion = 8.0;
						DevelopmentTeam = VCBJ7R8EST;
						ProvisioningStyle = Automatic;
						TestTargetID = 8CD2D5FB1DE1D2C700883D60;
					};
				};
			};
			buildConfigurationList = 8CD2D5F71DE1D2C700883D60 /* Build configuration list for PBXProject "CreateUIVCByXIB" */;
			compatibilityVersion = "Xcode 3.2";
			developmentRegion = English;
			hasScannedForEncodings = 0;
			knownRegions = (
				en,
				Base,
			);
			mainGroup = 8CD2D5F31DE1D2C700883D60;
			productRefGroup = 8CD2D5FD1DE1D2C700883D60 /* Products */;
			projectDirPath = "";
			projectRoot = "";
			targets = (
				8CD2D5FB1DE1D2C700883D60 /* CreateUIVCByXIB */,
				8CD2D6141DE1D2C700883D60 /* CreateUIVCByXIBTests */,
				8CD2D61F1DE1D2C700883D60 /* CreateUIVCByXIBUITests */,
			);
		};
/* End PBXProject section */

/* Begin PBXResourcesBuildPhase section */
		8CD2D5FA1DE1D2C700883D60 /* Resources */ = {
			isa = PBXResourcesBuildPhase;
			buildActionMask = 2147483647;
			files = (
				8CD2D63E1DE1D5B300883D60 /* XibViewController.xib in Resources */,
				8CD2D60F1DE1D2C700883D60 /* LaunchScreen.storyboard in Resources */,
				8CD2D60C1DE1D2C700883D60 /* Assets.xcassets in Resources */,
				8CD2D60A1DE1D2C700883D60 /* Main.storyboard in Resources */,
			);
			runOnlyForDeploymentPostprocessing = 0;
		};
		8CD2D6131DE1D2C700883D60 /* Resources */ = {
			isa = PBXResourcesBuildPhase;
			buildActionMask = 2147483647;
			files = (
			);
			runOnlyForDeploymentPostprocessing = 0;
		};
		8CD2D61E1DE1D2C700883D60 /* Resources */ = {
			isa = PBXResourcesBuildPhase;
			buildActionMask = 2147483647;
			files = (
			);
			runOnlyForDeploymentPostprocessing = 0;
		};
/* End PBXResourcesBuildPhase section */

/* Begin PBXSourcesBuildPhase section */
		8CD2D5F81DE1D2C700883D60 /* Sources */ = {
			isa = PBXSourcesBuildPhase;
			buildActionMask = 2147483647;
			files = (
				8CD2D63D1DE1D5B300883D60 /* XibViewController.m in Sources */,
				8CD2D6071DE1D2C700883D60 /* ViewController.m in Sources */,
				8CD2D6041DE1D2C700883D60 /* AppDelegate.m in Sources */,
				8CD2D6011DE1D2C700883D60 /* main.m in Sources */,
			);
			runOnlyForDeploymentPostprocessing = 0;
		};
		8CD2D6111DE1D2C700883D60 /* Sources */ = {
			isa = PBXSourcesBuildPhase;
			buildActionMask = 2147483647;
			files = (
				8CD2D61A1DE1D2C700883D60 /* CreateUIVCByXIBTests.m in Sources */,
			);
			runOnlyForDeploymentPostprocessing = 0;
		};
		8CD2D61C1DE1D2C700883D60 /* Sources */ = {
			isa = PBXSourcesBuildPhase;
			buildActionMask = 2147483647;
			files = (
				8CD2D6251DE1D2C700883D60 /* CreateUIVCByXIBUITests.m in Sources */,
			);
			runOnlyForDeploymentPostprocessing = 0;
		};
/* End PBXSourcesBuildPhase section */

/* Begin PBXTargetDependency section */
		8CD2D6171DE1D2C700883D60 /* PBXTargetDependency */ = {
			isa = PBXTargetDependency;
			target = 8CD2D5FB1DE1D2C700883D60 /* CreateUIVCByXIB */;
			targetProxy = 8CD2D6161DE1D2C700883D60 /* PBXContainerItemProxy */;
		};
		8CD2D6221DE1D2C700883D60 /* PBXTargetDependency */ = {
			isa = PBXTargetDependency;
			target = 8CD2D5FB1DE1D2C700883D60 /* CreateUIVCByXIB */;
			targetProxy = 8CD2D6211DE1D2C700883D60 /* PBXContainerItemProxy */;
		};
/* End PBXTargetDependency section */

/* Begin PBXVariantGroup section */
		8CD2D6081DE1D2C700883D60 /* Main.storyboard */ = {
			isa = PBXVariantGroup;
			children = (
				8CD2D6091DE1D2C700883D60 /* Base */,
			);
			name = Main.storyboard;
			sourceTree = "<group>";
		};
		8CD2D60D1DE1D2C700883D60 /* LaunchScreen.storyboard */ = {
			isa = PBXVariantGroup;
			children = (
				8CD2D60E1DE1D2C700883D60 /* Base */,
			);
			name = LaunchScreen.storyboard;
			sourceTree = "<group>";
		};
/* End PBXVariantGroup section */

/* Begin XCBuildConfiguration section */
		8CD2D6271DE1D2C700883D60 /* Debug */ = {
			isa = XCBuildConfiguration;
			buildSettings = {
				ALWAYS_SEARCH_USER_PATHS = NO;
				CLANG_ANALYZER_NONNULL = YES;
				CLANG_CXX_LANGUAGE_STANDARD = "gnu++0x";
				CLANG_CXX_LIBRARY = "libc++";
				CLANG_ENABLE_MODULES = YES;
				CLANG_ENABLE_OBJC_ARC = YES;
				CLANG_WARN_BOOL_CONVERSION = YES;
				CLANG_WARN_CONSTANT_CONVERSION = YES;
				CLANG_WARN_DIRECT_OBJC_ISA_USAGE = YES_ERROR;
				CLANG_WARN_DOCUMENTATION_COMMENTS = YES;
				CLANG_WARN_EMPTY_BODY = YES;
				CLANG_WARN_ENUM_CONVERSION = YES;
				CLANG_WARN_INFINITE_RECURSION = YES;
				CLANG_WARN_INT_CONVERSION = YES;
				CLANG_WARN_OBJC_ROOT_CLASS = YES_ERROR;
				CLANG_WARN_SUSPICIOUS_MOVES = YES;
				CLANG_WARN_UNREACHABLE_CODE = YES;
				CLANG_WARN__DUPLICATE_METHOD_MATCH = YES;
				"CODE_SIGN_IDENTITY[sdk=iphoneos*]" = "iPhone Developer";
				COPY_PHASE_STRIP = NO;
				DEBUG_INFORMATION_FORMAT = dwarf;
				ENABLE_STRICT_OBJC_MSGSEND = YES;
				ENABLE_TESTABILITY = YES;
				GCC_C_LANGUAGE_STANDARD = gnu99;
				GCC_DYNAMIC_NO_PIC = NO;
				GCC_NO_COMMON_BLOCKS = YES;
				GCC_OPTIMIZATION_LEVEL = 0;
				GCC_PREPROCESSOR_DEFINITIONS = (
					"DEBUG=1",
					"$(inherited)",
				);
				GCC_WARN_64_TO_32_BIT_CONVERSION = YES;
				GCC_WARN_ABOUT_RETURN_TYPE = YES_ERROR;
				GCC_WARN_UNDECLARED_SELECTOR = YES;
				GCC_WARN_UNINITIALIZED_AUTOS = YES_AGGRESSIVE;
				GCC_WARN_UNUSED_FUNCTION = YES;
				GCC_WARN_UNUSED_VARIABLE = YES;
				IPHONEOS_DEPLOYMENT_TARGET = 10.0;
				MTL_ENABLE_DEBUG_INFO = YES;
				ONLY_ACTIVE_ARCH = YES;
				SDKROOT = iphoneos;
			};
			name = Debug;
		};
		8CD2D6281DE1D2C700883D60 /* Release */ = {
			isa = XCBuildConfiguration;
			buildSettings = {
				ALWAYS_SEARCH_USER_PATHS = NO;
				CLANG_ANALYZER_NONNULL = YES;
				CLANG_CXX_LANGUAGE_STANDARD = "gnu++0x";
				CLANG_CXX_LIBRARY = "libc++";
				CLANG_ENABLE_MODULES = YES;
				CLANG_ENABLE_OBJC_ARC = YES;
				CLANG_WARN_BOOL_CONVERSION = YES;
				CLANG_WARN_CONSTANT_CONVERSION = YES;
				CLANG_WARN_DIRECT_OBJC_ISA_USAGE = YES_ERROR;
				CLANG_WARN_DOCUMENTATION_COMMENTS = YES;
				CLANG_WARN_EMPTY_BODY = YES;
				CLANG_WARN_ENUM_CONVERSION = YES;
				CLANG_WARN_INFINITE_RECURSION = YES;
				CLANG_WARN_INT_CONVERSION = YES;
				CLANG_WARN_OBJC_ROOT_CLASS = YES_ERROR;
				CLANG_WARN_SUSPICIOUS_MOVES = YES;
				CLANG_WARN_UNREACHABLE_CODE = YES;
				CLANG_WARN__DUPLICATE_METHOD_MATCH = YES;
				"CODE_SIGN_IDENTITY[sdk=iphoneos*]" = "iPhone Developer";
				COPY_PHASE_STRIP = NO;
				DEBUG_INFORMATION_FORMAT = "dwarf-with-dsym";
				ENABLE_NS_ASSERTIONS = NO;
				ENABLE_STRICT_OBJC_MSGSEND = YES;
				GCC_C_LANGUAGE_STANDARD = gnu99;
				GCC_NO_COMMON_BLOCKS = YES;
				GCC_WARN_64_TO_32_BIT_CONVERSION = YES;
				GCC_WARN_ABOUT_RETURN_TYPE = YES_ERROR;
				GCC_WARN_UNDECLARED_SELECTOR = YES;
				GCC_WARN_UNINITIALIZED_AUTOS = YES_AGGRESSIVE;
				GCC_WARN_UNUSED_FUNCTION = YES;
				GCC_WARN_UNUSED_VARIABLE = YES;
				IPHONEOS_DEPLOYMENT_TARGET = 10.0;
				MTL_ENABLE_DEBUG_INFO = NO;
				SDKROOT = iphoneos;
				VALIDATE_PRODUCT = YES;
			};
			name = Release;
		};
		8CD2D62A1DE1D2C700883D60 /* Debug */ = {
			isa = XCBuildConfiguration;
			buildSettings = {
				ASSETCATALOG_COMPILER_APPICON_NAME = AppIcon;
				DEVELOPMENT_TEAM = VCBJ7R8EST;
				INFOPLIST_FILE = CreateUIVCByXIB/Info.plist;
				LD_RUNPATH_SEARCH_PATHS = "$(inherited) @executable_path/Frameworks";
				PRODUCT_BUNDLE_IDENTIFIER = com.hehe.CreateUIVCByXIB;
				PRODUCT_NAME = "$(TARGET_NAME)";
			};
			name = Debug;
		};
		8CD2D62B1DE1D2C700883D60 /* Release */ = {
			isa = XCBuildConfiguration;
			buildSettings = {
				ASSETCATALOG_COMPILER_APPICON_NAME = AppIcon;
				DEVELOPMENT_TEAM = VCBJ7R8EST;
				INFOPLIST_FILE = CreateUIVCByXIB/Info.plist;
				LD_RUNPATH_SEARCH_PATHS = "$(inherited) @executable_path/Frameworks";
				PRODUCT_BUNDLE_IDENTIFIER = com.hehe.CreateUIVCByXIB;
				PRODUCT_NAME = "$(TARGET_NAME)";
			};
			name = Release;
		};
		8CD2D62D1DE1D2C700883D60 /* Debug */ = {
			isa = XCBuildConfiguration;
			buildSettings = {
				BUNDLE_LOADER = "$(TEST_HOST)";
				DEVELOPMENT_TEAM = VCBJ7R8EST;
				INFOPLIST_FILE = CreateUIVCByXIBTests/Info.plist;
				LD_RUNPATH_SEARCH_PATHS = "$(inherited) @executable_path/Frameworks @loader_path/Frameworks";
				PRODUCT_BUNDLE_IDENTIFIER = com.hehe.CreateUIVCByXIBTests;
				PRODUCT_NAME = "$(TARGET_NAME)";
				TEST_HOST = "$(BUILT_PRODUCTS_DIR)/CreateUIVCByXIB.app/CreateUIVCByXIB";
			};
			name = Debug;
		};
		8CD2D62E1DE1D2C700883D60 /* Release */ = {
			isa = XCBuildConfiguration;
			buildSettings = {
				BUNDLE_LOADER = "$(TEST_HOST)";
				DEVELOPMENT_TEAM = VCBJ7R8EST;
				INFOPLIST_FILE = CreateUIVCByXIBTests/Info.plist;
				LD_RUNPATH_SEARCH_PATHS = "$(inherited) @executable_path/Frameworks @loader_path/Frameworks";
				PRODUCT_BUNDLE_IDENTIFIER = com.hehe.CreateUIVCByXIBTests;
				PRODUCT_NAME = "$(TARGET_NAME)";
				TEST_HOST = "$(BUILT_PRODUCTS_DIR)/CreateUIVCByXIB.app/CreateUIVCByXIB";
			};
			name = Release;
		};
		8CD2D6301DE1D2C700883D60 /* Debug */ = {
			isa = XCBuildConfiguration;
			buildSettings = {
				DEVELOPMENT_TEAM = VCBJ7R8EST;
				INFOPLIST_FILE = CreateUIVCByXIBUITests/Info.plist;
				LD_RUNPATH_SEARCH_PATHS = "$(inherited) @executable_path/Frameworks @loader_path/Frameworks";
				PRODUCT_BUNDLE_IDENTIFIER = com.hehe.CreateUIVCByXIBUITests;
				PRODUCT_NAME = "$(TARGET_NAME)";
				TEST_TARGET_NAME = CreateUIVCByXIB;
			};
			name = Debug;
		};
		8CD2D6311DE1D2C700883D60 /* Release */ = {
			isa = XCBuildConfiguration;
			buildSettings = {
				DEVELOPMENT_TEAM = VCBJ7R8EST;
				INFOPLIST_FILE = CreateUIVCByXIBUITests/Info.plist;
				LD_RUNPATH_SEARCH_PATHS = "$(inherited) @executable_path/Frameworks @loader_path/Frameworks";
				PRODUCT_BUNDLE_IDENTIFIER = com.hehe.CreateUIVCByXIBUITests;
				PRODUCT_NAME = "$(TARGET_NAME)";
				TEST_TARGET_NAME = CreateUIVCByXIB;
			};
			name = Release;
		};
/* End XCBuildConfiguration section */

/* Begin XCConfigurationList section */
		8CD2D5F71DE1D2C700883D60 /* Build configuration list for PBXProject "CreateUIVCByXIB" */ = {
			isa = XCConfigurationList;
			buildConfigurations = (
				8CD2D6271DE1D2C700883D60 /* Debug */,
				8CD2D6281DE1D2C700883D60 /* Release */,
			);
			defaultConfigurationIsVisible = 0;
			defaultConfigurationName = Release;
		};
		8CD2D6291DE1D2C700883D60 /* Build configuration list for PBXNativeTarget "CreateUIVCByXIB" */ = {
			isa = XCConfigurationList;
			buildConfigurations = (
				8CD2D62A1DE1D2C700883D60 /* Debug */,
				8CD2D62B1DE1D2C700883D60 /* Release */,
			);
			defaultConfigurationIsVisible = 0;
		};
		8CD2D62C1DE1D2C700883D60 /* Build configuration list for PBXNativeTarget "CreateUIVCByXIBTests" */ = {
			isa = XCConfigurationList;
			buildConfigurations = (
				8CD2D62D1DE1D2C700883D60 /* Debug */,
				8CD2D62E1DE1D2C700883D60 /* Release */,
			);
			defaultConfigurationIsVisible = 0;
		};
		8CD2D62F1DE1D2C700883D60 /* Build configuration list for PBXNativeTarget "CreateUIVCByXIBUITests" */ = {
			isa = XCConfigurationList;
			buildConfigurations = (
				8CD2D6301DE1D2C700883D60 /* Debug */,
				8CD2D6311DE1D2C700883D60 /* Release */,
			);
			defaultConfigurationIsVisible = 0;
		};
/* End XCConfigurationList section */
	};
	rootObject = 8CD2D5F41DE1D2C700883D60 /* Project object */;
}
